
Microsoft Visual Studio Solution File, Format Version 12.00
# Visual Studio 15
VisualStudioVersion = 15.0.27130.2027
MinimumVisualStudioVersion = 10.0.40219.1
Project("{2150E333-8FDC-42A3-9474-1A3956D46DE8}") = ".NuGetPack", ".NuGetPack", "{D3CF95D2-D7BC-4EFD-8405-734CE5400EBD}"
	ProjectSection(SolutionItems) = preProject
		.NuGetPack\CredentialProvider.VSS.exe = .NuGetPack\CredentialProvider.VSS.exe
		.NuGetPack\NuGet.exe = .NuGetPack\NuGet.exe
		.NuGetPack\nuget3.exe = .NuGetPack\nuget3.exe
		.NuGetPack\NuGetPack.exe = .NuGetPack\NuGetPack.exe
	EndProjectSection
EndProject
Project("{9A19103F-16F7-4668-BE54-9A1E7A4F7556}") = "DataPowerTools.Tests", "DataPowerTools.Tests\DataPowerTools.Tests.csproj", "{CDCB3DFD-282D-473F-A976-F55F48E1A0D9}"
EndProject
Project("{9A19103F-16F7-4668-BE54-9A1E7A4F7556}") = "DataPowerTools", "DataPowerTools\DataPowerTools.csproj", "{3D358DF7-BD69-4626-86B8-B5B361FAA62B}"
EndProject
Global
	GlobalSection(SolutionConfigurationPlatforms) = preSolution
		Debug|Any CPU = Debug|Any CPU
		Release|Any CPU = Release|Any CPU
	EndGlobalSection
	GlobalSection(ProjectConfigurationPlatforms) = postSolution
		{CDCB3DFD-282D-473F-A976-F55F48E1A0D9}.Debug|Any CPU.ActiveCfg = Debug|Any CPU
		{CDCB3DFD-282D-473F-A976-F55F48E1A0D9}.Debug|Any CPU.Build.0 = Debug|Any CPU
		{CDCB3DFD-282D-473F-A976-F55F48E1A0D9}.Release|Any CPU.ActiveCfg = Release|Any CPU
		{CDCB3DFD-282D-473F-A976-F55F48E1A0D9}.Release|Any CPU.Build.0 = Release|Any CPU
		{3D358DF7-BD69-4626-86B8-B5B361FAA62B}.Debug|Any CPU.ActiveCfg = Debug|Any CPU
		{3D358DF7-BD69-4626-86B8-B5B361FAA62B}.Debug|Any CPU.Build.0 = Debug|Any CPU
		{3D358DF7-BD69-4626-86B8-B5B361FAA62B}.Release|Any CPU.ActiveCfg = Release|Any CPU
		{3D358DF7-BD69-4626-86B8-B5B361FAA62B}.Release|Any CPU.Build.0 = Release|Any CPU
	EndGlobalSection
	GlobalSection(SolutionProperties) = preSolution
		HideSolutionNode = FALSE
	EndGlobalSection
	GlobalSection(ExtensibilityGlobals) = postSolution
		SolutionGuid = {049338C1-3974-43B2-9079-7E9AF519F8C2}
	EndGlobalSection
EndGlobal
