
Microsoft Visual Studio Solution File, Format Version 12.00
# Visual Studio Version 16
VisualStudioVersion = 16.0.29519.87
MinimumVisualStudioVersion = 10.0.40219.1
Project("{9A19103F-16F7-4668-BE54-9A1E7A4F7556}") = "DataPowerTools.Tests", "src\DataPowerTools.Tests\DataPowerTools.Tests.csproj", "{CDCB3DFD-282D-473F-A976-F55F48E1A0D9}"
EndProject
Project("{9A19103F-16F7-4668-BE54-9A1E7A4F7556}") = "DataPowerTools", "src\DataPowerTools\DataPowerTools.csproj", "{3D358DF7-BD69-4626-86B8-B5B361FAA62B}"
EndProject
Project("{2150E333-8FDC-42A3-9474-1A3956D46DE8}") = "Solution Items", "Solution Items", "{E49FB4F1-55C7-47F2-8CB1-97DD863479F9}"
	ProjectSection(SolutionItems) = preProject
		.gitignore = .gitignore
		Build.ps1 = Build.ps1
		.github\workflows\ci.yml = .github\workflows\ci.yml
		Directory.Build.props = Directory.Build.props
		LICENSE = LICENSE
		NuGet.Config = NuGet.Config
		Push.ps1 = Push.ps1
		README.md = README.md
		.github\workflows\release.yml = .github\workflows\release.yml
	EndProjectSection
EndProject
Global
	GlobalSection(SolutionConfigurationPlatforms) = preSolution
		Debug|Any CPU = Debug|Any CPU
		Release|Any CPU = Release|Any CPU
	EndGlobalSection
	GlobalSection(ProjectConfigurationPlatforms) = postSolution
		{CDCB3DFD-282D-473F-A976-F55F48E1A0D9}.Debug|Any CPU.ActiveCfg = Debug|Any CPU
		{CDCB3DFD-282D-473F-A976-F55F48E1A0D9}.Debug|Any CPU.Build.0 = Debug|Any CPU
		{CDCB3DFD-282D-473F-A976-F55F48E1A0D9}.Release|Any CPU.ActiveCfg = Release|Any CPU
		{CDCB3DFD-282D-473F-A976-F55F48E1A0D9}.Release|Any CPU.Build.0 = Release|Any CPU
		{3D358DF7-BD69-4626-86B8-B5B361FAA62B}.Debug|Any CPU.ActiveCfg = Debug|Any CPU
		{3D358DF7-BD69-4626-86B8-B5B361FAA62B}.Debug|Any CPU.Build.0 = Debug|Any CPU
		{3D358DF7-BD69-4626-86B8-B5B361FAA62B}.Release|Any CPU.ActiveCfg = Release|Any CPU
		{3D358DF7-BD69-4626-86B8-B5B361FAA62B}.Release|Any CPU.Build.0 = Release|Any CPU
	EndGlobalSection
	GlobalSection(SolutionProperties) = preSolution
		HideSolutionNode = FALSE
	EndGlobalSection
	GlobalSection(ExtensibilityGlobals) = postSolution
		SolutionGuid = {049338C1-3974-43B2-9079-7E9AF519F8C2}
	EndGlobalSection
EndGlobal
